# This file is autogenerated, do not edit; changes may be undone by the next 'dep ensure'.


[[projects]]
  digest = "1:04aea75705cb453e24bf8c1506a24a5a9036537dbc61ddf71d20900d6c7c3ab9"
  name = "github.com/DATA-DOG/go-sqlmock"
  packages = ["."]
  pruneopts = "UT"
  revision = "d76b18b42f285b792bf985118980ce9eacea9d10"
  version = "v1.3.0"

[[projects]]
  branch = "master"
  digest = "1:89cd2208bdeb192cc83ee287216af3c987fc87a90b9087718ad6631b636cefcf"
  name = "github.com/iancoleman/strcase"
  packages = ["."]
  pruneopts = "UT"
  revision = "3605ed457bf7f8caa1371b4fafadadc026673479"

[[projects]]
  digest = "1:6895fbe5a10c5aebd1965cac6f6905dcdb21bee01e08912d3ba6a805c2485f6a"
  name = "github.com/jinzhu/gorm"
  packages = [
    ".",
    "dialects/postgres",
  ]
  pruneopts = "UT"
  revision = "6ed508ec6a4ecb3531899a69cbc746ccf65a4166"
  version = "v1.9.1"

[[projects]]
  branch = "master"
  digest = "1:fd97437fbb6b7dce04132cf06775bd258cce305c44add58eb55ca86c6c325160"
  name = "github.com/jinzhu/inflection"
  packages = ["."]
  pruneopts = "UT"
  revision = "04140366298a54a039076d798123ffa108fff46c"

[[projects]]
  digest = "1:b18ffc558326ebaed3b4a175617f1e12ed4e3f53d6ebfe5ba372a3de16d22278"
  name = "github.com/lib/pq"
  packages = [
    ".",
    "hstore",
    "oid",
  ]
  pruneopts = "UT"
  revision = "4ded0e9383f75c197b3a2aaa6d590ac52df6fd79"
  version = "v1.0.0"

[solve-meta]
  analyzer-name = "dep"
  analyzer-version = 1
  input-imports = [
    "github.com/DATA-DOG/go-sqlmock",
    "github.com/iancoleman/strcase",
    "github.com/jinzhu/gorm",
    "github.com/jinzhu/gorm/dialects/postgres",
  ]
  solver-name = "gps-cdcl"
  solver-version = 1
